
Microsoft Visual Studio Solution File, Format Version 12.00
# Visual Studio Version 16
VisualStudioVersion = 16.0.809.3
MinimumVisualStudioVersion = 10.0.40219.1
Project("{FAE04EC0-301F-11D3-BF4B-00C04F79EFBC}") = "assignment10", "assignment10.csproj", "{2560D43E-353C-4158-AB3D-CB50CD76E15E}"
EndProject
Global
	GlobalSection(SolutionConfigurationPlatforms) = preSolution
		Debug|Any CPU = Debug|Any CPU
		Release|Any CPU = Release|Any CPU
	EndGlobalSection
	GlobalSection(ProjectConfigurationPlatforms) = postSolution
		{2560D43E-353C-4158-AB3D-CB50CD76E15E}.Debug|Any CPU.ActiveCfg = Debug|Any CPU
		{2560D43E-353C-4158-AB3D-CB50CD76E15E}.Debug|Any CPU.Build.0 = Debug|Any CPU
		{2560D43E-353C-4158-AB3D-CB50CD76E15E}.Release|Any CPU.ActiveCfg = Release|Any CPU
		{2560D43E-353C-4158-AB3D-CB50CD76E15E}.Release|Any CPU.Build.0 = Release|Any CPU
	EndGlobalSection
	GlobalSection(SolutionProperties) = preSolution
		HideSolutionNode = FALSE
	EndGlobalSection
	GlobalSection(ExtensibilityGlobals) = postSolution
		SolutionGuid = {D9E9870F-869E-4A36-84D3-B8188C6CDD1E}
	EndGlobalSection
EndGlobal
